
Microsoft Visual Studio Solution File, Format Version 12.00
# Visual Studio 15
VisualStudioVersion = 15.0.28307.271
MinimumVisualStudioVersion = 10.0.40219.1
Project("{FAE04EC0-301F-11D3-BF4B-00C04F79EFBC}") = "LabReposicion", "LabReposicion\LabReposicion.csproj", "{F5FDE315-B8E5-407F-B3C0-2AD10C1BA6FF}"
EndProject
Global
	GlobalSection(SolutionConfigurationPlatforms) = preSolution
		Debug|Any CPU = Debug|Any CPU
		Release|Any CPU = Release|Any CPU
	EndGlobalSection
	GlobalSection(ProjectConfigurationPlatforms) = postSolution
		{F5FDE315-B8E5-407F-B3C0-2AD10C1BA6FF}.Debug|Any CPU.ActiveCfg = Debug|Any CPU
		{F5FDE315-B8E5-407F-B3C0-2AD10C1BA6FF}.Debug|Any CPU.Build.0 = Debug|Any CPU
		{F5FDE315-B8E5-407F-B3C0-2AD10C1BA6FF}.Release|Any CPU.ActiveCfg = Release|Any CPU
		{F5FDE315-B8E5-407F-B3C0-2AD10C1BA6FF}.Release|Any CPU.Build.0 = Release|Any CPU
	EndGlobalSection
	GlobalSection(SolutionProperties) = preSolution
		HideSolutionNode = FALSE
	EndGlobalSection
	GlobalSection(ExtensibilityGlobals) = postSolution
		SolutionGuid = {17D454A2-DEA4-4A43-901D-6ED58D5C73DB}
	EndGlobalSection
EndGlobal
