
Microsoft Visual Studio Solution File, Format Version 12.00
# Visual Studio 15
VisualStudioVersion = 15.0.28307.271
MinimumVisualStudioVersion = 10.0.40219.1
Project("{FAE04EC0-301F-11D3-BF4B-00C04F79EFBC}") = "WebApplication1", "WebApplication1\WebApplication1.csproj", "{8A81CD99-5D7D-4188-B99B-1658DFF580DC}"
EndProject
Global
	GlobalSection(SolutionConfigurationPlatforms) = preSolution
		Debug|Any CPU = Debug|Any CPU
		Release|Any CPU = Release|Any CPU
	EndGlobalSection
	GlobalSection(ProjectConfigurationPlatforms) = postSolution
		{8A81CD99-5D7D-4188-B99B-1658DFF580DC}.Debug|Any CPU.ActiveCfg = Debug|Any CPU
		{8A81CD99-5D7D-4188-B99B-1658DFF580DC}.Debug|Any CPU.Build.0 = Debug|Any CPU
		{8A81CD99-5D7D-4188-B99B-1658DFF580DC}.Release|Any CPU.ActiveCfg = Release|Any CPU
		{8A81CD99-5D7D-4188-B99B-1658DFF580DC}.Release|Any CPU.Build.0 = Release|Any CPU
	EndGlobalSection
	GlobalSection(SolutionProperties) = preSolution
		HideSolutionNode = FALSE
	EndGlobalSection
	GlobalSection(ExtensibilityGlobals) = postSolution
		SolutionGuid = {4D318039-B68C-4F43-B88E-AAABF3E81B29}
	EndGlobalSection
EndGlobal
